
Microsoft Visual Studio Solution File, Format Version 12.00
# Visual Studio Version 16
VisualStudioVersion = 16.0.30320.27
MinimumVisualStudioVersion = 10.0.40219.1
Project("{FAE04EC0-301F-11D3-BF4B-00C04F79EFBC}") = "TicTacToe", "TicTacToe.csproj", "{884B9FD9-4C6C-445F-80AE-E717CB8E789B}"
EndProject
Global
	GlobalSection(SolutionConfigurationPlatforms) = preSolution
		Debug|Any CPU = Debug|Any CPU
		Release|Any CPU = Release|Any CPU
	EndGlobalSection
	GlobalSection(ProjectConfigurationPlatforms) = postSolution
		{884B9FD9-4C6C-445F-80AE-E717CB8E789B}.Debug|Any CPU.ActiveCfg = Debug|Any CPU
		{884B9FD9-4C6C-445F-80AE-E717CB8E789B}.Debug|Any CPU.Build.0 = Debug|Any CPU
		{884B9FD9-4C6C-445F-80AE-E717CB8E789B}.Release|Any CPU.ActiveCfg = Release|Any CPU
		{884B9FD9-4C6C-445F-80AE-E717CB8E789B}.Release|Any CPU.Build.0 = Release|Any CPU
	EndGlobalSection
	GlobalSection(SolutionProperties) = preSolution
		HideSolutionNode = FALSE
	EndGlobalSection
	GlobalSection(ExtensibilityGlobals) = postSolution
		SolutionGuid = {77A1463C-A4A7-42EB-8DAF-63FF088D4974}
	EndGlobalSection
EndGlobal
